// !$*UTF8*$!
{
	archiveVersion = 1;
	classes = {
	};
	objectVersion = 50;
	objects = {

/* Begin PBXBuildFile section */
		BA162A6A2446955F007A1605 /* AppDelegate.swift in Sources */ = {isa = PBXBuildFile; fileRef = BA162A692446955F007A1605 /* AppDelegate.swift */; };
		BA162A6C2446955F007A1605 /* SceneDelegate.swift in Sources */ = {isa = PBXBuildFile; fileRef = BA162A6B2446955F007A1605 /* SceneDelegate.swift */; };
		BA162A6E2446955F007A1605 /* ViewController.swift in Sources */ = {isa = PBXBuildFile; fileRef = BA162A6D2446955F007A1605 /* ViewController.swift */; };
		BA162A712446955F007A1605 /* Main.storyboard in Resources */ = {isa = PBXBuildFile; fileRef = BA162A6F2446955F007A1605 /* Main.storyboard */; };
		BA162A7324469560007A1605 /* Assets.xcassets in Resources */ = {isa = PBXBuildFile; fileRef = BA162A7224469560007A1605 /* Assets.xcassets */; };
		BA162A7624469560007A1605 /* LaunchScreen.storyboard in Resources */ = {isa = PBXBuildFile; fileRef = BA162A7424469560007A1605 /* LaunchScreen.storyboard */; };
		BA162A7E244745A0007A1605 /* SelectTimeStoryboard.storyboard in Resources */ = {isa = PBXBuildFile; fileRef = BA162A7D244745A0007A1605 /* SelectTimeStoryboard.storyboard */; };
		BA162A80244745BF007A1605 /* SelectTimeViewController.swift in Sources */ = {isa = PBXBuildFile; fileRef = BA162A7F244745BF007A1605 /* SelectTimeViewController.swift */; };
		BA162A82244745D0007A1605 /* SelectDateStoryboard.storyboard in Resources */ = {isa = PBXBuildFile; fileRef = BA162A81244745D0007A1605 /* SelectDateStoryboard.storyboard */; };
		BA162A8424474697007A1605 /* SelectDateViewController.swift in Sources */ = {isa = PBXBuildFile; fileRef = BA162A8324474697007A1605 /* SelectDateViewController.swift */; };
		BA1D87CC24490CF0002A4F34 /* PopupDelegate.swift in Sources */ = {isa = PBXBuildFile; fileRef = BA1D87CB24490CF0002A4F34 /* PopupDelegate.swift */; };
/* End PBXBuildFile section */

/* Begin PBXFileReference section */
		BA162A662446955F007A1605 /* NotificationCenterAndDelegationAndClosure.app */ = {isa = PBXFileReference; explicitFileType = wrapper.application; includeInIndex = 0; path = NotificationCenterAndDelegationAndClosure.app; sourceTree = BUILT_PRODUCTS_DIR; };
		BA162A692446955F007A1605 /* AppDelegate.swift */ = {isa = PBXFileReference; lastKnownFileType = sourcecode.swift; path = AppDelegate.swift; sourceTree = "<group>"; };
		BA162A6B2446955F007A1605 /* SceneDelegate.swift */ = {isa = PBXFileReference; lastKnownFileType = sourcecode.swift; path = SceneDelegate.swift; sourceTree = "<group>"; };
		BA162A6D2446955F007A1605 /* ViewController.swift */ = {isa = PBXFileReference; lastKnownFileType = sourcecode.swift; path = ViewController.swift; sourceTree = "<group>"; };
		BA162A702446955F007A1605 /* Base */ = {isa = PBXFileReference; lastKnownFileType = file.storyboard; name = Base; path = Base.lproj/Main.storyboard; sourceTree = "<group>"; };
		BA162A7224469560007A1605 /* Assets.xcassets */ = {isa = PBXFileReference; lastKnownFileType = folder.assetcatalog; path = Assets.xcassets; sourceTree = "<group>"; };
		BA162A7524469560007A1605 /* Base */ = {isa = PBXFileReference; lastKnownFileType = file.storyboard; name = Base; path = Base.lproj/LaunchScreen.storyboard; sourceTree = "<group>"; };
		BA162A7724469560007A1605 /* Info.plist */ = {isa = PBXFileReference; lastKnownFileType = text.plist.xml; path = Info.plist; sourceTree = "<group>"; };
		BA162A7D244745A0007A1605 /* SelectTimeStoryboard.storyboard */ = {isa = PBXFileReference; lastKnownFileType = file.storyboard; path = SelectTimeStoryboard.storyboard; sourceTree = "<group>"; };
		BA162A7F244745BF007A1605 /* SelectTimeViewController.swift */ = {isa = PBXFileReference; lastKnownFileType = sourcecode.swift; path = SelectTimeViewController.swift; sourceTree = "<group>"; };
		BA162A81244745D0007A1605 /* SelectDateStoryboard.storyboard */ = {isa = PBXFileReference; lastKnownFileType = file.storyboard; path = SelectDateStoryboard.storyboard; sourceTree = "<group>"; };
		BA162A8324474697007A1605 /* SelectDateViewController.swift */ = {isa = PBXFileReference; lastKnownFileType = sourcecode.swift; path = SelectDateViewController.swift; sourceTree = "<group>"; };
		BA1D87CB24490CF0002A4F34 /* PopupDelegate.swift */ = {isa = PBXFileReference; lastKnownFileType = sourcecode.swift; path = PopupDelegate.swift; sourceTree = "<group>"; };
/* End PBXFileReference section */

/* Begin PBXFrameworksBuildPhase section */
		BA162A632446955F007A1605 /* Frameworks */ = {
			isa = PBXFrameworksBuildPhase;
			buildActionMask = 2147483647;
			files = (
			);
			runOnlyForDeploymentPostprocessing = 0;
		};
/* End PBXFrameworksBuildPhase section */

/* Begin PBXGroup section */
		BA162A5D2446955F007A1605 = {
			isa = PBXGroup;
			children = (
				BA162A682446955F007A1605 /* NotificationCenterAndDelegationAndClosure */,
				BA162A672446955F007A1605 /* Products */,
			);
			sourceTree = "<group>";
		};
		BA162A672446955F007A1605 /* Products */ = {
			isa = PBXGroup;
			children = (
				BA162A662446955F007A1605 /* NotificationCenterAndDelegationAndClosure.app */,
			);
			name = Products;
			sourceTree = "<group>";
		};
		BA162A682446955F007A1605 /* NotificationCenterAndDelegationAndClosure */ = {
			isa = PBXGroup;
			children = (
				BA162A692446955F007A1605 /* AppDelegate.swift */,
				BA162A6B2446955F007A1605 /* SceneDelegate.swift */,
				BA162A6D2446955F007A1605 /* ViewController.swift */,
				BA162A7F244745BF007A1605 /* SelectTimeViewController.swift */,
				BA162A8324474697007A1605 /* SelectDateViewController.swift */,
				BA162A6F2446955F007A1605 /* Main.storyboard */,
				BA162A7D244745A0007A1605 /* SelectTimeStoryboard.storyboard */,
				BA162A81244745D0007A1605 /* SelectDateStoryboard.storyboard */,
				BA162A7224469560007A1605 /* Assets.xcassets */,
				BA162A7424469560007A1605 /* LaunchScreen.storyboard */,
				BA162A7724469560007A1605 /* Info.plist */,
				BA1D87CB24490CF0002A4F34 /* PopupDelegate.swift */,
			);
			path = NotificationCenterAndDelegationAndClosure;
			sourceTree = "<group>";
		};
/* End PBXGroup section */

/* Begin PBXNativeTarget section */
		BA162A652446955F007A1605 /* NotificationCenterAndDelegationAndClosure */ = {
			isa = PBXNativeTarget;
			buildConfigurationList = BA162A7A24469560007A1605 /* Build configuration list for PBXNativeTarget "NotificationCenterAndDelegationAndClosure" */;
			buildPhases = (
				BA162A622446955F007A1605 /* Sources */,
				BA162A632446955F007A1605 /* Frameworks */,
				BA162A642446955F007A1605 /* Resources */,
			);
			buildRules = (
			);
			dependencies = (
			);
			name = NotificationCenterAndDelegationAndClosure;
			productName = NotificationCenterAndDelegationAndClosure;
			productReference = BA162A662446955F007A1605 /* NotificationCenterAndDelegationAndClosure.app */;
			productType = "com.apple.product-type.application";
		};
/* End PBXNativeTarget section */

/* Begin PBXProject section */
		BA162A5E2446955F007A1605 /* Project object */ = {
			isa = PBXProject;
			attributes = {
				LastSwiftUpdateCheck = 1110;
				LastUpgradeCheck = 1110;
				ORGANIZATIONNAME = Mohamed74;
				TargetAttributes = {
					BA162A652446955F007A1605 = {
						CreatedOnToolsVersion = 11.1;
					};
				};
			};
			buildConfigurationList = BA162A612446955F007A1605 /* Build configuration list for PBXProject "NotificationCenterAndDelegationAndClosure" */;
			compatibilityVersion = "Xcode 9.3";
			developmentRegion = en;
			hasScannedForEncodings = 0;
			knownRegions = (
				en,
				Base,
			);
			mainGroup = BA162A5D2446955F007A1605;
			productRefGroup = BA162A672446955F007A1605 /* Products */;
			projectDirPath = "";
			projectRoot = "";
			targets = (
				BA162A652446955F007A1605 /* NotificationCenterAndDelegationAndClosure */,
			);
		};
/* End PBXProject section */

/* Begin PBXResourcesBuildPhase section */
		BA162A642446955F007A1605 /* Resources */ = {
			isa = PBXResourcesBuildPhase;
			buildActionMask = 2147483647;
			files = (
				BA162A7624469560007A1605 /* LaunchScreen.storyboard in Resources */,
				BA162A7324469560007A1605 /* Assets.xcassets in Resources */,
				BA162A7E244745A0007A1605 /* SelectTimeStoryboard.storyboard in Resources */,
				BA162A712446955F007A1605 /* Main.storyboard in Resources */,
				BA162A82244745D0007A1605 /* SelectDateStoryboard.storyboard in Resources */,
			);
			runOnlyForDeploymentPostprocessing = 0;
		};
/* End PBXResourcesBuildPhase section */

/* Begin PBXSourcesBuildPhase section */
		BA162A622446955F007A1605 /* Sources */ = {
			isa = PBXSourcesBuildPhase;
			buildActionMask = 2147483647;
			files = (
				BA162A8424474697007A1605 /* SelectDateViewController.swift in Sources */,
				BA162A6E2446955F007A1605 /* ViewController.swift in Sources */,
				BA162A6A2446955F007A1605 /* AppDelegate.swift in Sources */,
				BA162A6C2446955F007A1605 /* SceneDelegate.swift in Sources */,
				BA162A80244745BF007A1605 /* SelectTimeViewController.swift in Sources */,
				BA1D87CC24490CF0002A4F34 /* PopupDelegate.swift in Sources */,
			);
			runOnlyForDeploymentPostprocessing = 0;
		};
/* End PBXSourcesBuildPhase section */

/* Begin PBXVariantGroup section */
		BA162A6F2446955F007A1605 /* Main.storyboard */ = {
			isa = PBXVariantGroup;
			children = (
				BA162A702446955F007A1605 /* Base */,
			);
			name = Main.storyboard;
			sourceTree = "<group>";
		};
		BA162A7424469560007A1605 /* LaunchScreen.storyboard */ = {
			isa = PBXVariantGroup;
			children = (
				BA162A7524469560007A1605 /* Base */,
			);
			name = LaunchScreen.storyboard;
			sourceTree = "<group>";
		};
/* End PBXVariantGroup section */

/* Begin XCBuildConfiguration section */
		BA162A7824469560007A1605 /* Debug */ = {
			isa = XCBuildConfiguration;
			buildSettings = {
				ALWAYS_SEARCH_USER_PATHS = NO;
				CLANG_ANALYZER_NONNULL = YES;
				CLANG_ANALYZER_NUMBER_OBJECT_CONVERSION = YES_AGGRESSIVE;
				CLANG_CXX_LANGUAGE_STANDARD = "gnu++14";
				CLANG_CXX_LIBRARY = "libc++";
				CLANG_ENABLE_MODULES = YES;
				CLANG_ENABLE_OBJC_ARC = YES;
				CLANG_ENABLE_OBJC_WEAK = YES;
				CLANG_WARN_BLOCK_CAPTURE_AUTORELEASING = YES;
				CLANG_WARN_BOOL_CONVERSION = YES;
				CLANG_WARN_COMMA = YES;
				CLANG_WARN_CONSTANT_CONVERSION = YES;
				CLANG_WARN_DEPRECATED_OBJC_IMPLEMENTATIONS = YES;
				CLANG_WARN_DIRECT_OBJC_ISA_USAGE = YES_ERROR;
				CLANG_WARN_DOCUMENTATION_COMMENTS = YES;
				CLANG_WARN_EMPTY_BODY = YES;
				CLANG_WARN_ENUM_CONVERSION = YES;
				CLANG_WARN_INFINITE_RECURSION = YES;
				CLANG_WARN_INT_CONVERSION = YES;
				CLANG_WARN_NON_LITERAL_NULL_CONVERSION = YES;
				CLANG_WARN_OBJC_IMPLICIT_RETAIN_SELF = YES;
				CLANG_WARN_OBJC_LITERAL_CONVERSION = YES;
				CLANG_WARN_OBJC_ROOT_CLASS = YES_ERROR;
				CLANG_WARN_RANGE_LOOP_ANALYSIS = YES;
				CLANG_WARN_STRICT_PROTOTYPES = YES;
				CLANG_WARN_SUSPICIOUS_MOVE = YES;
				CLANG_WARN_UNGUARDED_AVAILABILITY = YES_AGGRESSIVE;
				CLANG_WARN_UNREACHABLE_CODE = YES;
				CLANG_WARN__DUPLICATE_METHOD_MATCH = YES;
				COPY_PHASE_STRIP = NO;
				DEBUG_INFORMATION_FORMAT = dwarf;
				ENABLE_STRICT_OBJC_MSGSEND = YES;
				ENABLE_TESTABILITY = YES;
				GCC_C_LANGUAGE_STANDARD = gnu11;
				GCC_DYNAMIC_NO_PIC = NO;
				GCC_NO_COMMON_BLOCKS = YES;
				GCC_OPTIMIZATION_LEVEL = 0;
				GCC_PREPROCESSOR_DEFINITIONS = (
					"DEBUG=1",
					"$(inherited)",
				);
				GCC_WARN_64_TO_32_BIT_CONVERSION = YES;
				GCC_WARN_ABOUT_RETURN_TYPE = YES_ERROR;
				GCC_WARN_UNDECLARED_SELECTOR = YES;
				GCC_WARN_UNINITIALIZED_AUTOS = YES_AGGRESSIVE;
				GCC_WARN_UNUSED_FUNCTION = YES;
				GCC_WARN_UNUSED_VARIABLE = YES;
				IPHONEOS_DEPLOYMENT_TARGET = 13.1;
				MTL_ENABLE_DEBUG_INFO = INCLUDE_SOURCE;
				MTL_FAST_MATH = YES;
				ONLY_ACTIVE_ARCH = YES;
				SDKROOT = iphoneos;
				SWIFT_ACTIVE_COMPILATION_CONDITIONS = DEBUG;
				SWIFT_OPTIMIZATION_LEVEL = "-Onone";
			};
			name = Debug;
		};
		BA162A7924469560007A1605 /* Release */ = {
			isa = XCBuildConfiguration;
			buildSettings = {
				ALWAYS_SEARCH_USER_PATHS = NO;
				CLANG_ANALYZER_NONNULL = YES;
				CLANG_ANALYZER_NUMBER_OBJECT_CONVERSION = YES_AGGRESSIVE;
				CLANG_CXX_LANGUAGE_STANDARD = "gnu++14";
				CLANG_CXX_LIBRARY = "libc++";
				CLANG_ENABLE_MODULES = YES;
				CLANG_ENABLE_OBJC_ARC = YES;
				CLANG_ENABLE_OBJC_WEAK = YES;
				CLANG_WARN_BLOCK_CAPTURE_AUTORELEASING = YES;
				CLANG_WARN_BOOL_CONVERSION = YES;
				CLANG_WARN_COMMA = YES;
				CLANG_WARN_CONSTANT_CONVERSION = YES;
				CLANG_WARN_DEPRECATED_OBJC_IMPLEMENTATIONS = YES;
				CLANG_WARN_DIRECT_OBJC_ISA_USAGE = YES_ERROR;
				CLANG_WARN_DOCUMENTATION_COMMENTS = YES;
				CLANG_WARN_EMPTY_BODY = YES;
				CLANG_WARN_ENUM_CONVERSION = YES;
				CLANG_WARN_INFINITE_RECURSION = YES;
				CLANG_WARN_INT_CONVERSION = YES;
				CLANG_WARN_NON_LITERAL_NULL_CONVERSION = YES;
				CLANG_WARN_OBJC_IMPLICIT_RETAIN_SELF = YES;
				CLANG_WARN_OBJC_LITERAL_CONVERSION = YES;
				CLANG_WARN_OBJC_ROOT_CLASS = YES_ERROR;
				CLANG_WARN_RANGE_LOOP_ANALYSIS = YES;
				CLANG_WARN_STRICT_PROTOTYPES = YES;
				CLANG_WARN_SUSPICIOUS_MOVE = YES;
				CLANG_WARN_UNGUARDED_AVAILABILITY = YES_AGGRESSIVE;
				CLANG_WARN_UNREACHABLE_CODE = YES;
				CLANG_WARN__DUPLICATE_METHOD_MATCH = YES;
				COPY_PHASE_STRIP = NO;
				DEBUG_INFORMATION_FORMAT = "dwarf-with-dsym";
				ENABLE_NS_ASSERTIONS = NO;
				ENABLE_STRICT_OBJC_MSGSEND = YES;
				GCC_C_LANGUAGE_STANDARD = gnu11;
				GCC_NO_COMMON_BLOCKS = YES;
				GCC_WARN_64_TO_32_BIT_CONVERSION = YES;
				GCC_WARN_ABOUT_RETURN_TYPE = YES_ERROR;
				GCC_WARN_UNDECLARED_SELECTOR = YES;
				GCC_WARN_UNINITIALIZED_AUTOS = YES_AGGRESSIVE;
				GCC_WARN_UNUSED_FUNCTION = YES;
				GCC_WARN_UNUSED_VARIABLE = YES;
				IPHONEOS_DEPLOYMENT_TARGET = 13.1;
				MTL_ENABLE_DEBUG_INFO = NO;
				MTL_FAST_MATH = YES;
				SDKROOT = iphoneos;
				SWIFT_COMPILATION_MODE = wholemodule;
				SWIFT_OPTIMIZATION_LEVEL = "-O";
				VALIDATE_PRODUCT = YES;
			};
			name = Release;
		};
		BA162A7B24469560007A1605 /* Debug */ = {
			isa = XCBuildConfiguration;
			buildSettings = {
				ASSETCATALOG_COMPILER_APPICON_NAME = AppIcon;
				CODE_SIGN_STYLE = Automatic;
				DEVELOPMENT_TEAM = 2S53RG6Q4M;
				INFOPLIST_FILE = NotificationCenterAndDelegationAndClosure/Info.plist;
				LD_RUNPATH_SEARCH_PATHS = (
					"$(inherited)",
					"@executable_path/Frameworks",
				);
				PRODUCT_BUNDLE_IDENTIFIER = "Mohamed-osama.NotificationCenterAndDelegationAndClosure";
				PRODUCT_NAME = "$(TARGET_NAME)";
				SWIFT_VERSION = 5.0;
				TARGETED_DEVICE_FAMILY = "1,2";
			};
			name = Debug;
		};
		BA162A7C24469560007A1605 /* Release */ = {
			isa = XCBuildConfiguration;
			buildSettings = {
				ASSETCATALOG_COMPILER_APPICON_NAME = AppIcon;
				CODE_SIGN_STYLE = Automatic;
				DEVELOPMENT_TEAM = 2S53RG6Q4M;
				INFOPLIST_FILE = NotificationCenterAndDelegationAndClosure/Info.plist;
				LD_RUNPATH_SEARCH_PATHS = (
					"$(inherited)",
					"@executable_path/Frameworks",
				);
				PRODUCT_BUNDLE_IDENTIFIER = "Mohamed-osama.NotificationCenterAndDelegationAndClosure";
				PRODUCT_NAME = "$(TARGET_NAME)";
				SWIFT_VERSION = 5.0;
				TARGETED_DEVICE_FAMILY = "1,2";
			};
			name = Release;
		};
/* End XCBuildConfiguration section */

/* Begin XCConfigurationList section */
		BA162A612446955F007A1605 /* Build configuration list for PBXProject "NotificationCenterAndDelegationAndClosure" */ = {
			isa = XCConfigurationList;
			buildConfigurations = (
				BA162A7824469560007A1605 /* Debug */,
				BA162A7924469560007A1605 /* Release */,
			);
			defaultConfigurationIsVisible = 0;
			defaultConfigurationName = Release;
		};
		BA162A7A24469560007A1605 /* Build configuration list for PBXNativeTarget "NotificationCenterAndDelegationAndClosure" */ = {
			isa = XCConfigurationList;
			buildConfigurations = (
				BA162A7B24469560007A1605 /* Debug */,
				BA162A7C24469560007A1605 /* Release */,
			);
			defaultConfigurationIsVisible = 0;
			defaultConfigurationName = Release;
		};
/* End XCConfigurationList section */
	};
	rootObject = BA162A5E2446955F007A1605 /* Project object */;
}
